
Microsoft Visual Studio Solution File, Format Version 12.00
# Visual Studio Version 17
VisualStudioVersion = 17.11.35312.102
MinimumVisualStudioVersion = 10.0.40219.1
Project("{8BC9CEB8-8B4A-11D0-8D11-00A0C91BC942}") = "AL2_Master3", "AL2_Master3.vcxproj", "{232BAF17-9021-48A2-A65D-B3998218FB5F}"
EndProject
Global
	GlobalSection(SolutionConfigurationPlatforms) = preSolution
		Debug|x64 = Debug|x64
		Release|x64 = Release|x64
	EndGlobalSection
	GlobalSection(ProjectConfigurationPlatforms) = postSolution
		{232BAF17-9021-48A2-A65D-B3998218FB5F}.Debug|x64.ActiveCfg = Debug|x64
		{232BAF17-9021-48A2-A65D-B3998218FB5F}.Debug|x64.Build.0 = Debug|x64
		{232BAF17-9021-48A2-A65D-B3998218FB5F}.Release|x64.ActiveCfg = Release|x64
		{232BAF17-9021-48A2-A65D-B3998218FB5F}.Release|x64.Build.0 = Release|x64
	EndGlobalSection
	GlobalSection(SolutionProperties) = preSolution
		HideSolutionNode = FALSE
	EndGlobalSection
	GlobalSection(ExtensibilityGlobals) = postSolution
		SolutionGuid = {29B29C29-F93F-4209-9398-3DBC8BF135E1}
	EndGlobalSection
EndGlobal
